
Microsoft Visual Studio Solution File, Format Version 12.00
# Visual Studio Version 17
VisualStudioVersion = 17.4.33205.214
MinimumVisualStudioVersion = 10.0.40219.1
Project("{FAE04EC0-301F-11D3-BF4B-00C04F79EFBC}") = "CameraAccess.Android", "CameraAccess\CameraAccess.Android\CameraAccess.Android.csproj", "{C7796FC9-8D69-4CB2-948F-B233C9EC6CBB}"
EndProject
Project("{FAE04EC0-301F-11D3-BF4B-00C04F79EFBC}") = "CameraAccess.iOS", "CameraAccess\CameraAccess.iOS\CameraAccess.iOS.csproj", "{48A619A9-619A-4120-AA7D-490961E1FC55}"
EndProject
Project("{FAE04EC0-301F-11D3-BF4B-00C04F79EFBC}") = "CameraAccess", "CameraAccess\CameraAccess\CameraAccess.csproj", "{66586D09-6F52-440E-9EFF-0760DBB54CAB}"
EndProject
Global
	GlobalSection(SolutionConfigurationPlatforms) = preSolution
		Debug|Any CPU = Debug|Any CPU
		Debug|iPhone = Debug|iPhone
		Debug|iPhoneSimulator = Debug|iPhoneSimulator
		Release|Any CPU = Release|Any CPU
		Release|iPhone = Release|iPhone
		Release|iPhoneSimulator = Release|iPhoneSimulator
	EndGlobalSection
	GlobalSection(ProjectConfigurationPlatforms) = postSolution
		{C7796FC9-8D69-4CB2-948F-B233C9EC6CBB}.Debug|Any CPU.ActiveCfg = Debug|Any CPU
		{C7796FC9-8D69-4CB2-948F-B233C9EC6CBB}.Debug|Any CPU.Build.0 = Debug|Any CPU
		{C7796FC9-8D69-4CB2-948F-B233C9EC6CBB}.Debug|Any CPU.Deploy.0 = Debug|Any CPU
		{C7796FC9-8D69-4CB2-948F-B233C9EC6CBB}.Debug|iPhone.ActiveCfg = Debug|Any CPU
		{C7796FC9-8D69-4CB2-948F-B233C9EC6CBB}.Debug|iPhone.Build.0 = Debug|Any CPU
		{C7796FC9-8D69-4CB2-948F-B233C9EC6CBB}.Debug|iPhone.Deploy.0 = Debug|Any CPU
		{C7796FC9-8D69-4CB2-948F-B233C9EC6CBB}.Debug|iPhoneSimulator.ActiveCfg = Debug|Any CPU
		{C7796FC9-8D69-4CB2-948F-B233C9EC6CBB}.Debug|iPhoneSimulator.Build.0 = Debug|Any CPU
		{C7796FC9-8D69-4CB2-948F-B233C9EC6CBB}.Debug|iPhoneSimulator.Deploy.0 = Debug|Any CPU
		{C7796FC9-8D69-4CB2-948F-B233C9EC6CBB}.Release|Any CPU.ActiveCfg = Release|Any CPU
		{C7796FC9-8D69-4CB2-948F-B233C9EC6CBB}.Release|Any CPU.Build.0 = Release|Any CPU
		{C7796FC9-8D69-4CB2-948F-B233C9EC6CBB}.Release|Any CPU.Deploy.0 = Release|Any CPU
		{C7796FC9-8D69-4CB2-948F-B233C9EC6CBB}.Release|iPhone.ActiveCfg = Release|Any CPU
		{C7796FC9-8D69-4CB2-948F-B233C9EC6CBB}.Release|iPhone.Build.0 = Release|Any CPU
		{C7796FC9-8D69-4CB2-948F-B233C9EC6CBB}.Release|iPhone.Deploy.0 = Release|Any CPU
		{C7796FC9-8D69-4CB2-948F-B233C9EC6CBB}.Release|iPhoneSimulator.ActiveCfg = Release|Any CPU
		{C7796FC9-8D69-4CB2-948F-B233C9EC6CBB}.Release|iPhoneSimulator.Build.0 = Release|Any CPU
		{C7796FC9-8D69-4CB2-948F-B233C9EC6CBB}.Release|iPhoneSimulator.Deploy.0 = Release|Any CPU
		{48A619A9-619A-4120-AA7D-490961E1FC55}.Debug|Any CPU.ActiveCfg = Debug|iPhone
		{48A619A9-619A-4120-AA7D-490961E1FC55}.Debug|Any CPU.Build.0 = Debug|iPhone
		{48A619A9-619A-4120-AA7D-490961E1FC55}.Debug|Any CPU.Deploy.0 = Debug|iPhone
		{48A619A9-619A-4120-AA7D-490961E1FC55}.Debug|iPhone.ActiveCfg = Debug|iPhone
		{48A619A9-619A-4120-AA7D-490961E1FC55}.Debug|iPhone.Build.0 = Debug|iPhone
		{48A619A9-619A-4120-AA7D-490961E1FC55}.Debug|iPhone.Deploy.0 = Debug|iPhone
		{48A619A9-619A-4120-AA7D-490961E1FC55}.Debug|iPhoneSimulator.ActiveCfg = Debug|iPhoneSimulator
		{48A619A9-619A-4120-AA7D-490961E1FC55}.Debug|iPhoneSimulator.Build.0 = Debug|iPhoneSimulator
		{48A619A9-619A-4120-AA7D-490961E1FC55}.Debug|iPhoneSimulator.Deploy.0 = Debug|iPhoneSimulator
		{48A619A9-619A-4120-AA7D-490961E1FC55}.Release|Any CPU.ActiveCfg = Release|iPhoneSimulator
		{48A619A9-619A-4120-AA7D-490961E1FC55}.Release|Any CPU.Build.0 = Release|iPhoneSimulator
		{48A619A9-619A-4120-AA7D-490961E1FC55}.Release|Any CPU.Deploy.0 = Release|iPhoneSimulator
		{48A619A9-619A-4120-AA7D-490961E1FC55}.Release|iPhone.ActiveCfg = Release|iPhone
		{48A619A9-619A-4120-AA7D-490961E1FC55}.Release|iPhone.Build.0 = Release|iPhone
		{48A619A9-619A-4120-AA7D-490961E1FC55}.Release|iPhone.Deploy.0 = Release|iPhone
		{48A619A9-619A-4120-AA7D-490961E1FC55}.Release|iPhoneSimulator.ActiveCfg = Release|iPhoneSimulator
		{48A619A9-619A-4120-AA7D-490961E1FC55}.Release|iPhoneSimulator.Build.0 = Release|iPhoneSimulator
		{48A619A9-619A-4120-AA7D-490961E1FC55}.Release|iPhoneSimulator.Deploy.0 = Release|iPhoneSimulator
		{66586D09-6F52-440E-9EFF-0760DBB54CAB}.Debug|Any CPU.ActiveCfg = Debug|Any CPU
		{66586D09-6F52-440E-9EFF-0760DBB54CAB}.Debug|Any CPU.Build.0 = Debug|Any CPU
		{66586D09-6F52-440E-9EFF-0760DBB54CAB}.Debug|Any CPU.Deploy.0 = Debug|Any CPU
		{66586D09-6F52-440E-9EFF-0760DBB54CAB}.Debug|iPhone.ActiveCfg = Debug|Any CPU
		{66586D09-6F52-440E-9EFF-0760DBB54CAB}.Debug|iPhone.Build.0 = Debug|Any CPU
		{66586D09-6F52-440E-9EFF-0760DBB54CAB}.Debug|iPhone.Deploy.0 = Debug|Any CPU
		{66586D09-6F52-440E-9EFF-0760DBB54CAB}.Debug|iPhoneSimulator.ActiveCfg = Debug|Any CPU
		{66586D09-6F52-440E-9EFF-0760DBB54CAB}.Debug|iPhoneSimulator.Build.0 = Debug|Any CPU
		{66586D09-6F52-440E-9EFF-0760DBB54CAB}.Debug|iPhoneSimulator.Deploy.0 = Debug|Any CPU
		{66586D09-6F52-440E-9EFF-0760DBB54CAB}.Release|Any CPU.ActiveCfg = Release|Any CPU
		{66586D09-6F52-440E-9EFF-0760DBB54CAB}.Release|Any CPU.Build.0 = Release|Any CPU
		{66586D09-6F52-440E-9EFF-0760DBB54CAB}.Release|Any CPU.Deploy.0 = Release|Any CPU
		{66586D09-6F52-440E-9EFF-0760DBB54CAB}.Release|iPhone.ActiveCfg = Release|Any CPU
		{66586D09-6F52-440E-9EFF-0760DBB54CAB}.Release|iPhone.Build.0 = Release|Any CPU
		{66586D09-6F52-440E-9EFF-0760DBB54CAB}.Release|iPhone.Deploy.0 = Release|Any CPU
		{66586D09-6F52-440E-9EFF-0760DBB54CAB}.Release|iPhoneSimulator.ActiveCfg = Release|Any CPU
		{66586D09-6F52-440E-9EFF-0760DBB54CAB}.Release|iPhoneSimulator.Build.0 = Release|Any CPU
		{66586D09-6F52-440E-9EFF-0760DBB54CAB}.Release|iPhoneSimulator.Deploy.0 = Release|Any CPU
	EndGlobalSection
	GlobalSection(SolutionProperties) = preSolution
		HideSolutionNode = FALSE
	EndGlobalSection
	GlobalSection(ExtensibilityGlobals) = postSolution
		SolutionGuid = {574A6B8C-D85C-46B5-A895-E86E241C4DB8}
	EndGlobalSection
EndGlobal
